{
  "schema": 1,
  "tested_on": "2026-09-19",
  "upstream": {
    "repository": "https://github.com/ggml-org/llama.cpp.git",
    "commit": "b23701f77d47dad9de834d59ebfcbe25c9e8b46f"
  },
  "atomic": {
    "repository": "https://github.com/AtomicBot-ai/atomic-llama-cpp-turboquant.git",
    "commit": "044dff242d7887f78e7cf4633cdbb7c8ed360f31",
    "release": "b10269-1.6.0"
  },
  "patchset": "patches/upstream",
  "policy": "build both; hardware-gate before promotion"
}
